
Microsoft Visual Studio Solution File, Format Version 12.00
# Visual Studio Version 17
VisualStudioVersion = 17.6.33723.286
MinimumVisualStudioVersion = 10.0.40219.1
Project("{FAE04EC0-301F-11D3-BF4B-00C04F79EFBC}") = "Task1", "Task1\Task1.csproj", "{1765F124-1F8C-4201-995F-A4AECE464315}"
EndProject
Project("{FAE04EC0-301F-11D3-BF4B-00C04F79EFBC}") = "Task2", "Task2\Task2.csproj", "{3D299D8E-FCFD-4ECD-87DA-A809CF8180DE}"
EndProject
Project("{FAE04EC0-301F-11D3-BF4B-00C04F79EFBC}") = "Task3", "Task3\Task3.csproj", "{848ACAB9-F007-4FDA-B108-22940E998338}"
EndProject
Project("{FAE04EC0-301F-11D3-BF4B-00C04F79EFBC}") = "Task4", "Task4\Task4.csproj", "{4E431EF2-E32A-4BBF-9837-57439C41D15E}"
EndProject
Project("{FAE04EC0-301F-11D3-BF4B-00C04F79EFBC}") = "Task5", "Task5\Task5.csproj", "{B3BF5C04-3BC2-4194-A5B4-83ACAFDE22F3}"
EndProject
Global
	GlobalSection(SolutionConfigurationPlatforms) = preSolution
		Debug|Any CPU = Debug|Any CPU
		Release|Any CPU = Release|Any CPU
	EndGlobalSection
	GlobalSection(ProjectConfigurationPlatforms) = postSolution
		{1765F124-1F8C-4201-995F-A4AECE464315}.Debug|Any CPU.ActiveCfg = Debug|Any CPU
		{1765F124-1F8C-4201-995F-A4AECE464315}.Debug|Any CPU.Build.0 = Debug|Any CPU
		{1765F124-1F8C-4201-995F-A4AECE464315}.Release|Any CPU.ActiveCfg = Release|Any CPU
		{1765F124-1F8C-4201-995F-A4AECE464315}.Release|Any CPU.Build.0 = Release|Any CPU
		{3D299D8E-FCFD-4ECD-87DA-A809CF8180DE}.Debug|Any CPU.ActiveCfg = Debug|Any CPU
		{3D299D8E-FCFD-4ECD-87DA-A809CF8180DE}.Debug|Any CPU.Build.0 = Debug|Any CPU
		{3D299D8E-FCFD-4ECD-87DA-A809CF8180DE}.Release|Any CPU.ActiveCfg = Release|Any CPU
		{3D299D8E-FCFD-4ECD-87DA-A809CF8180DE}.Release|Any CPU.Build.0 = Release|Any CPU
		{848ACAB9-F007-4FDA-B108-22940E998338}.Debug|Any CPU.ActiveCfg = Debug|Any CPU
		{848ACAB9-F007-4FDA-B108-22940E998338}.Debug|Any CPU.Build.0 = Debug|Any CPU
		{848ACAB9-F007-4FDA-B108-22940E998338}.Release|Any CPU.ActiveCfg = Release|Any CPU
		{848ACAB9-F007-4FDA-B108-22940E998338}.Release|Any CPU.Build.0 = Release|Any CPU
		{4E431EF2-E32A-4BBF-9837-57439C41D15E}.Debug|Any CPU.ActiveCfg = Debug|Any CPU
		{4E431EF2-E32A-4BBF-9837-57439C41D15E}.Debug|Any CPU.Build.0 = Debug|Any CPU
		{4E431EF2-E32A-4BBF-9837-57439C41D15E}.Release|Any CPU.ActiveCfg = Release|Any CPU
		{4E431EF2-E32A-4BBF-9837-57439C41D15E}.Release|Any CPU.Build.0 = Release|Any CPU
		{B3BF5C04-3BC2-4194-A5B4-83ACAFDE22F3}.Debug|Any CPU.ActiveCfg = Debug|Any CPU
		{B3BF5C04-3BC2-4194-A5B4-83ACAFDE22F3}.Debug|Any CPU.Build.0 = Debug|Any CPU
		{B3BF5C04-3BC2-4194-A5B4-83ACAFDE22F3}.Release|Any CPU.ActiveCfg = Release|Any CPU
		{B3BF5C04-3BC2-4194-A5B4-83ACAFDE22F3}.Release|Any CPU.Build.0 = Release|Any CPU
	EndGlobalSection
	GlobalSection(SolutionProperties) = preSolution
		HideSolutionNode = FALSE
	EndGlobalSection
	GlobalSection(ExtensibilityGlobals) = postSolution
		SolutionGuid = {B064DDD0-79D1-415D-8C43-EFB28E09DD25}
	EndGlobalSection
EndGlobal
