
Microsoft Visual Studio Solution File, Format Version 12.00
# Visual Studio Version 17
VisualStudioVersion = 17.6.33723.286
MinimumVisualStudioVersion = 10.0.40219.1
Project("{9A19103F-16F7-4668-BE54-9A1E7A4F7556}") = "Task2", "Task2\Task2.csproj", "{866540C8-15E8-44BE-8691-A6D6A6A0B68B}"
EndProject
Project("{FAE04EC0-301F-11D3-BF4B-00C04F79EFBC}") = "Task1", "Task1\Task1.csproj", "{A8898A35-F567-44CE-9941-81E9C2FAAD29}"
EndProject
Global
	GlobalSection(SolutionConfigurationPlatforms) = preSolution
		Debug|Any CPU = Debug|Any CPU
		Release|Any CPU = Release|Any CPU
	EndGlobalSection
	GlobalSection(ProjectConfigurationPlatforms) = postSolution
		{866540C8-15E8-44BE-8691-A6D6A6A0B68B}.Debug|Any CPU.ActiveCfg = Debug|Any CPU
		{866540C8-15E8-44BE-8691-A6D6A6A0B68B}.Debug|Any CPU.Build.0 = Debug|Any CPU
		{866540C8-15E8-44BE-8691-A6D6A6A0B68B}.Release|Any CPU.ActiveCfg = Release|Any CPU
		{866540C8-15E8-44BE-8691-A6D6A6A0B68B}.Release|Any CPU.Build.0 = Release|Any CPU
		{A8898A35-F567-44CE-9941-81E9C2FAAD29}.Debug|Any CPU.ActiveCfg = Debug|Any CPU
		{A8898A35-F567-44CE-9941-81E9C2FAAD29}.Debug|Any CPU.Build.0 = Debug|Any CPU
		{A8898A35-F567-44CE-9941-81E9C2FAAD29}.Release|Any CPU.ActiveCfg = Release|Any CPU
		{A8898A35-F567-44CE-9941-81E9C2FAAD29}.Release|Any CPU.Build.0 = Release|Any CPU
	EndGlobalSection
	GlobalSection(SolutionProperties) = preSolution
		HideSolutionNode = FALSE
	EndGlobalSection
	GlobalSection(ExtensibilityGlobals) = postSolution
		SolutionGuid = {3DEB169F-62C4-4A69-890D-E9928FE6EEB4}
	EndGlobalSection
EndGlobal
