
Microsoft Visual Studio Solution File, Format Version 12.00
# Visual Studio Version 17
VisualStudioVersion = 17.6.33815.320
MinimumVisualStudioVersion = 10.0.40219.1
Project("{9A19103F-16F7-4668-BE54-9A1E7A4F7556}") = "Task1", "Task1\Task1.csproj", "{80F3F4B5-C279-4C97-ACE6-65E6483FF687}"
EndProject
Project("{9A19103F-16F7-4668-BE54-9A1E7A4F7556}") = "Task2", "Task2\Task2.csproj", "{7E0EF12E-2936-4078-BF83-B141A0F063F7}"
EndProject
Global
	GlobalSection(SolutionConfigurationPlatforms) = preSolution
		Debug|Any CPU = Debug|Any CPU
		Release|Any CPU = Release|Any CPU
	EndGlobalSection
	GlobalSection(ProjectConfigurationPlatforms) = postSolution
		{80F3F4B5-C279-4C97-ACE6-65E6483FF687}.Debug|Any CPU.ActiveCfg = Debug|Any CPU
		{80F3F4B5-C279-4C97-ACE6-65E6483FF687}.Debug|Any CPU.Build.0 = Debug|Any CPU
		{80F3F4B5-C279-4C97-ACE6-65E6483FF687}.Release|Any CPU.ActiveCfg = Release|Any CPU
		{80F3F4B5-C279-4C97-ACE6-65E6483FF687}.Release|Any CPU.Build.0 = Release|Any CPU
		{7E0EF12E-2936-4078-BF83-B141A0F063F7}.Debug|Any CPU.ActiveCfg = Debug|Any CPU
		{7E0EF12E-2936-4078-BF83-B141A0F063F7}.Debug|Any CPU.Build.0 = Debug|Any CPU
		{7E0EF12E-2936-4078-BF83-B141A0F063F7}.Release|Any CPU.ActiveCfg = Release|Any CPU
		{7E0EF12E-2936-4078-BF83-B141A0F063F7}.Release|Any CPU.Build.0 = Release|Any CPU
	EndGlobalSection
	GlobalSection(SolutionProperties) = preSolution
		HideSolutionNode = FALSE
	EndGlobalSection
	GlobalSection(ExtensibilityGlobals) = postSolution
		SolutionGuid = {659304F4-193A-4828-9D0B-BF24A1A768E2}
	EndGlobalSection
EndGlobal
