
Microsoft Visual Studio Solution File, Format Version 12.00
# Visual Studio Version 17
VisualStudioVersion = 17.6.33815.320
MinimumVisualStudioVersion = 10.0.40219.1
Project("{FAE04EC0-301F-11D3-BF4B-00C04F79EFBC}") = "Task", "Task\Task.csproj", "{24463C9A-12F3-4F82-9982-9D828E942F6F}"
EndProject
Global
	GlobalSection(SolutionConfigurationPlatforms) = preSolution
		Debug|Any CPU = Debug|Any CPU
		Release|Any CPU = Release|Any CPU
	EndGlobalSection
	GlobalSection(ProjectConfigurationPlatforms) = postSolution
		{24463C9A-12F3-4F82-9982-9D828E942F6F}.Debug|Any CPU.ActiveCfg = Debug|Any CPU
		{24463C9A-12F3-4F82-9982-9D828E942F6F}.Debug|Any CPU.Build.0 = Debug|Any CPU
		{24463C9A-12F3-4F82-9982-9D828E942F6F}.Release|Any CPU.ActiveCfg = Release|Any CPU
		{24463C9A-12F3-4F82-9982-9D828E942F6F}.Release|Any CPU.Build.0 = Release|Any CPU
	EndGlobalSection
	GlobalSection(SolutionProperties) = preSolution
		HideSolutionNode = FALSE
	EndGlobalSection
	GlobalSection(ExtensibilityGlobals) = postSolution
		SolutionGuid = {C54B86A5-73B6-4981-A535-9DC348A04C98}
	EndGlobalSection
EndGlobal
