
Microsoft Visual Studio Solution File, Format Version 12.00
# Visual Studio Version 17
VisualStudioVersion = 17.6.33801.468
MinimumVisualStudioVersion = 10.0.40219.1
Project("{FAE04EC0-301F-11D3-BF4B-00C04F79EFBC}") = "Task1", "Task1\Task1.csproj", "{4A06CC72-1EC6-4C8C-AD3A-CB53D01A4899}"
EndProject
Project("{FAE04EC0-301F-11D3-BF4B-00C04F79EFBC}") = "Task2", "Task2\Task2.csproj", "{91B818E1-8808-429C-ADFF-061FB58DE374}"
EndProject
Global
	GlobalSection(SolutionConfigurationPlatforms) = preSolution
		Debug|Any CPU = Debug|Any CPU
		Release|Any CPU = Release|Any CPU
	EndGlobalSection
	GlobalSection(ProjectConfigurationPlatforms) = postSolution
		{4A06CC72-1EC6-4C8C-AD3A-CB53D01A4899}.Debug|Any CPU.ActiveCfg = Debug|Any CPU
		{4A06CC72-1EC6-4C8C-AD3A-CB53D01A4899}.Debug|Any CPU.Build.0 = Debug|Any CPU
		{4A06CC72-1EC6-4C8C-AD3A-CB53D01A4899}.Release|Any CPU.ActiveCfg = Release|Any CPU
		{4A06CC72-1EC6-4C8C-AD3A-CB53D01A4899}.Release|Any CPU.Build.0 = Release|Any CPU
		{91B818E1-8808-429C-ADFF-061FB58DE374}.Debug|Any CPU.ActiveCfg = Debug|Any CPU
		{91B818E1-8808-429C-ADFF-061FB58DE374}.Debug|Any CPU.Build.0 = Debug|Any CPU
		{91B818E1-8808-429C-ADFF-061FB58DE374}.Release|Any CPU.ActiveCfg = Release|Any CPU
		{91B818E1-8808-429C-ADFF-061FB58DE374}.Release|Any CPU.Build.0 = Release|Any CPU
	EndGlobalSection
	GlobalSection(SolutionProperties) = preSolution
		HideSolutionNode = FALSE
	EndGlobalSection
	GlobalSection(ExtensibilityGlobals) = postSolution
		SolutionGuid = {FFCA5ACF-786A-4D0D-87AC-F6BF48817CFC}
	EndGlobalSection
EndGlobal
