
Microsoft Visual Studio Solution File, Format Version 12.00
# Visual Studio Version 17
VisualStudioVersion = 17.6.33723.286
MinimumVisualStudioVersion = 10.0.40219.1
Project("{FAE04EC0-301F-11D3-BF4B-00C04F79EFBC}") = "Task1", "Task1\Task1.csproj", "{7B14E6B1-5248-40D7-B921-631453393491}"
EndProject
Project("{FAE04EC0-301F-11D3-BF4B-00C04F79EFBC}") = "Task2", "Taks2\Task2.csproj", "{52403963-657C-4F18-A3F2-96202226F16E}"
EndProject
Project("{FAE04EC0-301F-11D3-BF4B-00C04F79EFBC}") = "Task3", "Task3\Task3.csproj", "{DBBBC7E6-4784-432A-B75E-50F4A7655DD7}"
EndProject
Project("{FAE04EC0-301F-11D3-BF4B-00C04F79EFBC}") = "Task4", "Task4\Task4.csproj", "{BD1F19D0-54A1-4814-9C29-BA06A5C76B18}"
EndProject
Project("{FAE04EC0-301F-11D3-BF4B-00C04F79EFBC}") = "Task5", "Task5\Task5.csproj", "{9CEB999A-BAFD-40F5-9FEC-02E0D10175BA}"
EndProject
Project("{FAE04EC0-301F-11D3-BF4B-00C04F79EFBC}") = "Task6", "Task6\Task6.csproj", "{DB5DF1A4-3417-4BFC-AE4D-4AA6305CCCAC}"
EndProject
Global
	GlobalSection(SolutionConfigurationPlatforms) = preSolution
		Debug|Any CPU = Debug|Any CPU
		Release|Any CPU = Release|Any CPU
	EndGlobalSection
	GlobalSection(ProjectConfigurationPlatforms) = postSolution
		{7B14E6B1-5248-40D7-B921-631453393491}.Debug|Any CPU.ActiveCfg = Debug|Any CPU
		{7B14E6B1-5248-40D7-B921-631453393491}.Debug|Any CPU.Build.0 = Debug|Any CPU
		{7B14E6B1-5248-40D7-B921-631453393491}.Release|Any CPU.ActiveCfg = Release|Any CPU
		{7B14E6B1-5248-40D7-B921-631453393491}.Release|Any CPU.Build.0 = Release|Any CPU
		{52403963-657C-4F18-A3F2-96202226F16E}.Debug|Any CPU.ActiveCfg = Debug|Any CPU
		{52403963-657C-4F18-A3F2-96202226F16E}.Debug|Any CPU.Build.0 = Debug|Any CPU
		{52403963-657C-4F18-A3F2-96202226F16E}.Release|Any CPU.ActiveCfg = Release|Any CPU
		{52403963-657C-4F18-A3F2-96202226F16E}.Release|Any CPU.Build.0 = Release|Any CPU
		{DBBBC7E6-4784-432A-B75E-50F4A7655DD7}.Debug|Any CPU.ActiveCfg = Debug|Any CPU
		{DBBBC7E6-4784-432A-B75E-50F4A7655DD7}.Debug|Any CPU.Build.0 = Debug|Any CPU
		{DBBBC7E6-4784-432A-B75E-50F4A7655DD7}.Release|Any CPU.ActiveCfg = Release|Any CPU
		{DBBBC7E6-4784-432A-B75E-50F4A7655DD7}.Release|Any CPU.Build.0 = Release|Any CPU
		{BD1F19D0-54A1-4814-9C29-BA06A5C76B18}.Debug|Any CPU.ActiveCfg = Debug|Any CPU
		{BD1F19D0-54A1-4814-9C29-BA06A5C76B18}.Debug|Any CPU.Build.0 = Debug|Any CPU
		{BD1F19D0-54A1-4814-9C29-BA06A5C76B18}.Release|Any CPU.ActiveCfg = Release|Any CPU
		{BD1F19D0-54A1-4814-9C29-BA06A5C76B18}.Release|Any CPU.Build.0 = Release|Any CPU
		{9CEB999A-BAFD-40F5-9FEC-02E0D10175BA}.Debug|Any CPU.ActiveCfg = Debug|Any CPU
		{9CEB999A-BAFD-40F5-9FEC-02E0D10175BA}.Debug|Any CPU.Build.0 = Debug|Any CPU
		{9CEB999A-BAFD-40F5-9FEC-02E0D10175BA}.Release|Any CPU.ActiveCfg = Release|Any CPU
		{9CEB999A-BAFD-40F5-9FEC-02E0D10175BA}.Release|Any CPU.Build.0 = Release|Any CPU
		{DB5DF1A4-3417-4BFC-AE4D-4AA6305CCCAC}.Debug|Any CPU.ActiveCfg = Debug|Any CPU
		{DB5DF1A4-3417-4BFC-AE4D-4AA6305CCCAC}.Debug|Any CPU.Build.0 = Debug|Any CPU
		{DB5DF1A4-3417-4BFC-AE4D-4AA6305CCCAC}.Release|Any CPU.ActiveCfg = Release|Any CPU
		{DB5DF1A4-3417-4BFC-AE4D-4AA6305CCCAC}.Release|Any CPU.Build.0 = Release|Any CPU
	EndGlobalSection
	GlobalSection(SolutionProperties) = preSolution
		HideSolutionNode = FALSE
	EndGlobalSection
	GlobalSection(ExtensibilityGlobals) = postSolution
		SolutionGuid = {6EA66F6F-43BD-4523-BA40-7DC0C9761A74}
	EndGlobalSection
EndGlobal
