
Microsoft Visual Studio Solution File, Format Version 12.00
# Visual Studio Version 17
VisualStudioVersion = 17.6.33801.468
MinimumVisualStudioVersion = 10.0.40219.1
Project("{FAE04EC0-301F-11D3-BF4B-00C04F79EFBC}") = "Task", "Task\Task.csproj", "{CCEDF7CD-CBE3-4E82-A65E-39E595831CBB}"
EndProject
Global
	GlobalSection(SolutionConfigurationPlatforms) = preSolution
		Debug|Any CPU = Debug|Any CPU
		Release|Any CPU = Release|Any CPU
	EndGlobalSection
	GlobalSection(ProjectConfigurationPlatforms) = postSolution
		{CCEDF7CD-CBE3-4E82-A65E-39E595831CBB}.Debug|Any CPU.ActiveCfg = Debug|Any CPU
		{CCEDF7CD-CBE3-4E82-A65E-39E595831CBB}.Debug|Any CPU.Build.0 = Debug|Any CPU
		{CCEDF7CD-CBE3-4E82-A65E-39E595831CBB}.Release|Any CPU.ActiveCfg = Release|Any CPU
		{CCEDF7CD-CBE3-4E82-A65E-39E595831CBB}.Release|Any CPU.Build.0 = Release|Any CPU
	EndGlobalSection
	GlobalSection(SolutionProperties) = preSolution
		HideSolutionNode = FALSE
	EndGlobalSection
	GlobalSection(ExtensibilityGlobals) = postSolution
		SolutionGuid = {3F1E2E7C-7B20-4E72-A311-CC57BA50258E}
	EndGlobalSection
EndGlobal
